
Microsoft Visual Studio Solution File, Format Version 12.00
# Visual Studio Version 17
VisualStudioVersion = 17.8.34511.84
MinimumVisualStudioVersion = 10.0.40219.1
Project("{FAE04EC0-301F-11D3-BF4B-00C04F79EFBC}") = "Lab2DaS", "Lab2DaS\Lab2DaS.csproj", "{7B6F144E-E50A-46F4-A2DB-2D65ED46D1E8}"
EndProject
Global
	GlobalSection(SolutionConfigurationPlatforms) = preSolution
		Debug|Any CPU = Debug|Any CPU
		Release|Any CPU = Release|Any CPU
	EndGlobalSection
	GlobalSection(ProjectConfigurationPlatforms) = postSolution
		{7B6F144E-E50A-46F4-A2DB-2D65ED46D1E8}.Debug|Any CPU.ActiveCfg = Debug|Any CPU
		{7B6F144E-E50A-46F4-A2DB-2D65ED46D1E8}.Debug|Any CPU.Build.0 = Debug|Any CPU
		{7B6F144E-E50A-46F4-A2DB-2D65ED46D1E8}.Release|Any CPU.ActiveCfg = Release|Any CPU
		{7B6F144E-E50A-46F4-A2DB-2D65ED46D1E8}.Release|Any CPU.Build.0 = Release|Any CPU
	EndGlobalSection
	GlobalSection(SolutionProperties) = preSolution
		HideSolutionNode = FALSE
	EndGlobalSection
	GlobalSection(ExtensibilityGlobals) = postSolution
		SolutionGuid = {E42957EE-2897-4420-B22C-E9A5340C2C77}
	EndGlobalSection
EndGlobal
